
Microsoft Visual Studio Solution File, Format Version 12.00
# Visual Studio Version 17
VisualStudioVersion = 17.4.33213.308
MinimumVisualStudioVersion = 10.0.40219.1
Project("{FAE04EC0-301F-11D3-BF4B-00C04F79EFBC}") = "WebApiVersion", "WebApiVersion\WebApiVersion.csproj", "{E39064EF-56F7-4171-8928-9169980A4339}"
EndProject
Global
	GlobalSection(SolutionConfigurationPlatforms) = preSolution
		Debug|Any CPU = Debug|Any CPU
		Release|Any CPU = Release|Any CPU
	EndGlobalSection
	GlobalSection(ProjectConfigurationPlatforms) = postSolution
		{E39064EF-56F7-4171-8928-9169980A4339}.Debug|Any CPU.ActiveCfg = Debug|Any CPU
		{E39064EF-56F7-4171-8928-9169980A4339}.Debug|Any CPU.Build.0 = Debug|Any CPU
		{E39064EF-56F7-4171-8928-9169980A4339}.Release|Any CPU.ActiveCfg = Release|Any CPU
		{E39064EF-56F7-4171-8928-9169980A4339}.Release|Any CPU.Build.0 = Release|Any CPU
	EndGlobalSection
	GlobalSection(SolutionProperties) = preSolution
		HideSolutionNode = FALSE
	EndGlobalSection
	GlobalSection(ExtensibilityGlobals) = postSolution
		SolutionGuid = {50EA19FA-776A-4436-92FB-AD61E195A73F}
	EndGlobalSection
EndGlobal
